
Microsoft Visual Studio Solution File, Format Version 12.00
# Visual Studio Version 16
VisualStudioVersion = 16.0.30523.141
MinimumVisualStudioVersion = 10.0.40219.1
Project("{FAE04EC0-301F-11D3-BF4B-00C04F79EFBC}") = "biz.dfch.CS.SampleIPA.StockManagement", "biz.dfch.CS.SampleIPA.StockManagement\biz.dfch.CS.SampleIPA.StockManagement.csproj", "{8037279A-06F2-410A-B26C-E90DF3C9C145}"
EndProject
Project("{FAE04EC0-301F-11D3-BF4B-00C04F79EFBC}") = "biz.dfch.CS.SampleIPA.StockManagement.API", "biz.dfch.CS.SampleIPA.StockManagement.API\biz.dfch.CS.SampleIPA.StockManagement.API.csproj", "{5ED4A17F-D5A5-4E94-BC78-BDCCBEEEBA40}"
EndProject
Global
	GlobalSection(SolutionConfigurationPlatforms) = preSolution
		Debug|Any CPU = Debug|Any CPU
		Release|Any CPU = Release|Any CPU
	EndGlobalSection
	GlobalSection(ProjectConfigurationPlatforms) = postSolution
		{8037279A-06F2-410A-B26C-E90DF3C9C145}.Debug|Any CPU.ActiveCfg = Debug|Any CPU
		{8037279A-06F2-410A-B26C-E90DF3C9C145}.Debug|Any CPU.Build.0 = Debug|Any CPU
		{8037279A-06F2-410A-B26C-E90DF3C9C145}.Release|Any CPU.ActiveCfg = Release|Any CPU
		{8037279A-06F2-410A-B26C-E90DF3C9C145}.Release|Any CPU.Build.0 = Release|Any CPU
		{5ED4A17F-D5A5-4E94-BC78-BDCCBEEEBA40}.Debug|Any CPU.ActiveCfg = Debug|Any CPU
		{5ED4A17F-D5A5-4E94-BC78-BDCCBEEEBA40}.Debug|Any CPU.Build.0 = Debug|Any CPU
		{5ED4A17F-D5A5-4E94-BC78-BDCCBEEEBA40}.Release|Any CPU.ActiveCfg = Release|Any CPU
		{5ED4A17F-D5A5-4E94-BC78-BDCCBEEEBA40}.Release|Any CPU.Build.0 = Release|Any CPU
	EndGlobalSection
	GlobalSection(SolutionProperties) = preSolution
		HideSolutionNode = FALSE
	EndGlobalSection
	GlobalSection(ExtensibilityGlobals) = postSolution
		SolutionGuid = {6C680434-1BE0-49CE-BD6E-EB38B6D72C0D}
	EndGlobalSection
EndGlobal
